
Microsoft Visual Studio Solution File, Format Version 12.00
# Visual Studio 2015
Project("{FAE04EC0-301F-11D3-BF4B-00C04F79EFBC}") = "FutureBattle", "FutureBattle.csproj", "{C14CCAA4-C27E-0F0F-B22D-8C7123160A78}"
EndProject
Project("{FAE04EC0-301F-11D3-BF4B-00C04F79EFBC}") = "FutureBattle.Editor", "FutureBattle.Editor.csproj", "{3DFE8004-31C9-006D-3D06-DA0729DEA1D1}"
EndProject
Global
	GlobalSection(SolutionConfigurationPlatforms) = preSolution
		Debug|Any CPU = Debug|Any CPU
		Release|Any CPU = Release|Any CPU
	EndGlobalSection
	GlobalSection(ProjectConfigurationPlatforms) = postSolution
		{C14CCAA4-C27E-0F0F-B22D-8C7123160A78}.Debug|Any CPU.ActiveCfg = Debug|Any CPU
		{C14CCAA4-C27E-0F0F-B22D-8C7123160A78}.Debug|Any CPU.Build.0 = Debug|Any CPU
		{C14CCAA4-C27E-0F0F-B22D-8C7123160A78}.Release|Any CPU.ActiveCfg = Release|Any CPU
		{C14CCAA4-C27E-0F0F-B22D-8C7123160A78}.Release|Any CPU.Build.0 = Release|Any CPU
		{3DFE8004-31C9-006D-3D06-DA0729DEA1D1}.Debug|Any CPU.ActiveCfg = Debug|Any CPU
		{3DFE8004-31C9-006D-3D06-DA0729DEA1D1}.Debug|Any CPU.Build.0 = Debug|Any CPU
		{3DFE8004-31C9-006D-3D06-DA0729DEA1D1}.Release|Any CPU.ActiveCfg = Release|Any CPU
		{3DFE8004-31C9-006D-3D06-DA0729DEA1D1}.Release|Any CPU.Build.0 = Release|Any CPU
	EndGlobalSection
	GlobalSection(SolutionProperties) = preSolution
		HideSolutionNode = FALSE
	EndGlobalSection
EndGlobal
